
Microsoft Visual Studio Solution File, Format Version 12.00
# Visual Studio Version 17
VisualStudioVersion = 17.0.31903.59
MinimumVisualStudioVersion = 10.0.40219.1
Project("{2150E333-8FDC-42A3-9474-1A3956D46DE8}") = "src", "src", "{827E0CD3-B72D-47B6-A68D-7590B98EB39B}"
EndProject
Project("{FAE04EC0-301F-11D3-BF4B-00C04F79EFBC}") = "FEB.Cqrs", "src\FEB.Cqrs\FEB.Cqrs.csproj", "{71E28BE2-0E39-40C4-B936-EBB223555CB6}"
EndProject
Project("{FAE04EC0-301F-11D3-BF4B-00C04F79EFBC}") = "FEB.EventSourcing.Abstractions", "src\FEB.EventSourcing.Abstractions\FEB.EventSourcing.Abstractions.csproj", "{CF0C61C7-075B-4B48-9A27-3CE0335996DD}"
EndProject
Project("{FAE04EC0-301F-11D3-BF4B-00C04F79EFBC}") = "FEB.EventSourcing", "src\FEB.EventSourcing\FEB.EventSourcing.csproj", "{D1845F23-3240-4606-A24D-BF2142A92988}"
EndProject
Project("{FAE04EC0-301F-11D3-BF4B-00C04F79EFBC}") = "FEB.EventSourcing.InMemory", "src\FEB.EventSourcing.InMemory\FEB.EventSourcing.InMemory.csproj", "{5104CEE6-5FE4-45D6-BC26-C302CA140B37}"
EndProject
Project("{FAE04EC0-301F-11D3-BF4B-00C04F79EFBC}") = "FEB.EventSourcing.Metrics", "src\FEB.EventSourcing.Metrics\FEB.EventSourcing.Metrics.csproj", "{20BF55B7-9D16-43B7-A542-646B4C4785D7}"
EndProject
Project("{FAE04EC0-301F-11D3-BF4B-00C04F79EFBC}") = "FEB.EventSourcing.MongoDb", "src\FEB.EventSourcing.MongoDb\FEB.EventSourcing.MongoDb.csproj", "{F6916CFB-1899-45BF-8657-869FB94705C3}"
EndProject
Project("{FAE04EC0-301F-11D3-BF4B-00C04F79EFBC}") = "FEB.EventSourcing.StateContracts", "src\FEB.EventSourcing.StateContracts\FEB.EventSourcing.StateContracts.csproj", "{F1C518ED-4F71-4C70-A6F5-EDBC9D71FA19}"
EndProject
Project("{FAE04EC0-301F-11D3-BF4B-00C04F79EFBC}") = "FEB.EventSourcing.Snapshots.Generator", "src\FEB.EventSourcing.Snapshots.Generator\FEB.EventSourcing.Snapshots.Generator.csproj", "{A6EB8CF6-68BE-4524-A488-9939E805EAFB}"
EndProject
Project("{FAE04EC0-301F-11D3-BF4B-00C04F79EFBC}") = "FEB.EventSourcing.Snapshots", "src\FEB.EventSourcing.Snapshots\FEB.EventSourcing.Snapshots.csproj", "{D8D7228B-0AB2-48A4-B222-84D721C27C08}"
EndProject
Project("{FAE04EC0-301F-11D3-BF4B-00C04F79EFBC}") = "FEB.EventSourcing.Postgres", "src\FEB.EventSourcing.Postgres\FEB.EventSourcing.Postgres.csproj", "{A07B80C8-A80C-432C-8ADE-F6C95929F4B0}"
EndProject
Project("{FAE04EC0-301F-11D3-BF4B-00C04F79EFBC}") = "FEB.EventSourcing.Sql", "src\FEB.EventSourcing.Sql\FEB.EventSourcing.Sql.csproj", "{43B5D39C-17E5-4E5C-BBE8-0F4D6B4EEBA0}"
EndProject
Project("{FAE04EC0-301F-11D3-BF4B-00C04F79EFBC}") = "FEB.EventSourcing.Redis", "src\FEB.EventSourcing.Redis\FEB.EventSourcing.Redis.csproj", "{52FAD84A-467D-447A-BB29-05E37D3552DD}"
EndProject
Project("{FAE04EC0-301F-11D3-BF4B-00C04F79EFBC}") = "FEB.EventSourcing.SqlServer", "src\FEB.EventSourcing.SqlServer\FEB.EventSourcing.SqlServer.csproj", "{DFA698C1-43A6-40CB-82E0-CCFCD44572DC}"
EndProject
Project("{FAE04EC0-301F-11D3-BF4B-00C04F79EFBC}") = "FEB.EventSourcing.TestKit", "src\FEB.EventSourcing.TestKit\FEB.EventSourcing.TestKit.csproj", "{7C4D35B0-A2DD-44A8-A4AC-8F1F0A898CE7}"
EndProject
Project("{2150E333-8FDC-42A3-9474-1A3956D46DE8}") = "tests", "tests", "{0AB3BF05-4346-4AA6-1389-037BE0695223}"
EndProject
Project("{FAE04EC0-301F-11D3-BF4B-00C04F79EFBC}") = "FEB.EventSourcing.Tests", "src\FEB.EventSourcing.Tests\FEB.EventSourcing.Tests.csproj", "{DB351CE9-35F5-4290-AD7F-58A576C1DC3C}"
EndProject
Project("{2150E333-8FDC-42A3-9474-1A3956D46DE8}") = "samples", "samples", "{5D20AA90-6969-D8BD-9DCD-8634F4692FDA}"
EndProject
Project("{FAE04EC0-301F-11D3-BF4B-00C04F79EFBC}") = "OrderSample", "samples\OrderSample\OrderSample.csproj", "{6D92B0E2-2D0E-42F3-B135-FF64F499347E}"
EndProject
Global
	GlobalSection(SolutionConfigurationPlatforms) = preSolution
		Debug|Any CPU = Debug|Any CPU
		Debug|x64 = Debug|x64
		Debug|x86 = Debug|x86
		Release|Any CPU = Release|Any CPU
		Release|x64 = Release|x64
		Release|x86 = Release|x86
	EndGlobalSection
	GlobalSection(ProjectConfigurationPlatforms) = postSolution
		{71E28BE2-0E39-40C4-B936-EBB223555CB6}.Debug|Any CPU.ActiveCfg = Debug|Any CPU
		{71E28BE2-0E39-40C4-B936-EBB223555CB6}.Debug|Any CPU.Build.0 = Debug|Any CPU
		{71E28BE2-0E39-40C4-B936-EBB223555CB6}.Debug|x64.ActiveCfg = Debug|Any CPU
		{71E28BE2-0E39-40C4-B936-EBB223555CB6}.Debug|x64.Build.0 = Debug|Any CPU
		{71E28BE2-0E39-40C4-B936-EBB223555CB6}.Debug|x86.ActiveCfg = Debug|Any CPU
		{71E28BE2-0E39-40C4-B936-EBB223555CB6}.Debug|x86.Build.0 = Debug|Any CPU
		{71E28BE2-0E39-40C4-B936-EBB223555CB6}.Release|Any CPU.ActiveCfg = Release|Any CPU
		{71E28BE2-0E39-40C4-B936-EBB223555CB6}.Release|Any CPU.Build.0 = Release|Any CPU
		{71E28BE2-0E39-40C4-B936-EBB223555CB6}.Release|x64.ActiveCfg = Release|Any CPU
		{71E28BE2-0E39-40C4-B936-EBB223555CB6}.Release|x64.Build.0 = Release|Any CPU
		{71E28BE2-0E39-40C4-B936-EBB223555CB6}.Release|x86.ActiveCfg = Release|Any CPU
		{71E28BE2-0E39-40C4-B936-EBB223555CB6}.Release|x86.Build.0 = Release|Any CPU
		{CF0C61C7-075B-4B48-9A27-3CE0335996DD}.Debug|Any CPU.ActiveCfg = Debug|Any CPU
		{CF0C61C7-075B-4B48-9A27-3CE0335996DD}.Debug|Any CPU.Build.0 = Debug|Any CPU
		{CF0C61C7-075B-4B48-9A27-3CE0335996DD}.Debug|x64.ActiveCfg = Debug|Any CPU
		{CF0C61C7-075B-4B48-9A27-3CE0335996DD}.Debug|x64.Build.0 = Debug|Any CPU
		{CF0C61C7-075B-4B48-9A27-3CE0335996DD}.Debug|x86.ActiveCfg = Debug|Any CPU
		{CF0C61C7-075B-4B48-9A27-3CE0335996DD}.Debug|x86.Build.0 = Debug|Any CPU
		{CF0C61C7-075B-4B48-9A27-3CE0335996DD}.Release|Any CPU.ActiveCfg = Release|Any CPU
		{CF0C61C7-075B-4B48-9A27-3CE0335996DD}.Release|Any CPU.Build.0 = Release|Any CPU
		{CF0C61C7-075B-4B48-9A27-3CE0335996DD}.Release|x64.ActiveCfg = Release|Any CPU
		{CF0C61C7-075B-4B48-9A27-3CE0335996DD}.Release|x64.Build.0 = Release|Any CPU
		{CF0C61C7-075B-4B48-9A27-3CE0335996DD}.Release|x86.ActiveCfg = Release|Any CPU
		{CF0C61C7-075B-4B48-9A27-3CE0335996DD}.Release|x86.Build.0 = Release|Any CPU
		{D1845F23-3240-4606-A24D-BF2142A92988}.Debug|Any CPU.ActiveCfg = Debug|Any CPU
		{D1845F23-3240-4606-A24D-BF2142A92988}.Debug|Any CPU.Build.0 = Debug|Any CPU
		{D1845F23-3240-4606-A24D-BF2142A92988}.Debug|x64.ActiveCfg = Debug|Any CPU
		{D1845F23-3240-4606-A24D-BF2142A92988}.Debug|x64.Build.0 = Debug|Any CPU
		{D1845F23-3240-4606-A24D-BF2142A92988}.Debug|x86.ActiveCfg = Debug|Any CPU
		{D1845F23-3240-4606-A24D-BF2142A92988}.Debug|x86.Build.0 = Debug|Any CPU
		{D1845F23-3240-4606-A24D-BF2142A92988}.Release|Any CPU.ActiveCfg = Release|Any CPU
		{D1845F23-3240-4606-A24D-BF2142A92988}.Release|Any CPU.Build.0 = Release|Any CPU
		{D1845F23-3240-4606-A24D-BF2142A92988}.Release|x64.ActiveCfg = Release|Any CPU
		{D1845F23-3240-4606-A24D-BF2142A92988}.Release|x64.Build.0 = Release|Any CPU
		{D1845F23-3240-4606-A24D-BF2142A92988}.Release|x86.ActiveCfg = Release|Any CPU
		{D1845F23-3240-4606-A24D-BF2142A92988}.Release|x86.Build.0 = Release|Any CPU
		{5104CEE6-5FE4-45D6-BC26-C302CA140B37}.Debug|Any CPU.ActiveCfg = Debug|Any CPU
		{5104CEE6-5FE4-45D6-BC26-C302CA140B37}.Debug|Any CPU.Build.0 = Debug|Any CPU
		{5104CEE6-5FE4-45D6-BC26-C302CA140B37}.Debug|x64.ActiveCfg = Debug|Any CPU
		{5104CEE6-5FE4-45D6-BC26-C302CA140B37}.Debug|x64.Build.0 = Debug|Any CPU
		{5104CEE6-5FE4-45D6-BC26-C302CA140B37}.Debug|x86.ActiveCfg = Debug|Any CPU
		{5104CEE6-5FE4-45D6-BC26-C302CA140B37}.Debug|x86.Build.0 = Debug|Any CPU
		{5104CEE6-5FE4-45D6-BC26-C302CA140B37}.Release|Any CPU.ActiveCfg = Release|Any CPU
		{5104CEE6-5FE4-45D6-BC26-C302CA140B37}.Release|Any CPU.Build.0 = Release|Any CPU
		{5104CEE6-5FE4-45D6-BC26-C302CA140B37}.Release|x64.ActiveCfg = Release|Any CPU
		{5104CEE6-5FE4-45D6-BC26-C302CA140B37}.Release|x64.Build.0 = Release|Any CPU
		{5104CEE6-5FE4-45D6-BC26-C302CA140B37}.Release|x86.ActiveCfg = Release|Any CPU
		{5104CEE6-5FE4-45D6-BC26-C302CA140B37}.Release|x86.Build.0 = Release|Any CPU
		{20BF55B7-9D16-43B7-A542-646B4C4785D7}.Debug|Any CPU.ActiveCfg = Debug|Any CPU
		{20BF55B7-9D16-43B7-A542-646B4C4785D7}.Debug|Any CPU.Build.0 = Debug|Any CPU
		{20BF55B7-9D16-43B7-A542-646B4C4785D7}.Debug|x64.ActiveCfg = Debug|Any CPU
		{20BF55B7-9D16-43B7-A542-646B4C4785D7}.Debug|x64.Build.0 = Debug|Any CPU
		{20BF55B7-9D16-43B7-A542-646B4C4785D7}.Debug|x86.ActiveCfg = Debug|Any CPU
		{20BF55B7-9D16-43B7-A542-646B4C4785D7}.Debug|x86.Build.0 = Debug|Any CPU
		{20BF55B7-9D16-43B7-A542-646B4C4785D7}.Release|Any CPU.ActiveCfg = Release|Any CPU
		{20BF55B7-9D16-43B7-A542-646B4C4785D7}.Release|Any CPU.Build.0 = Release|Any CPU
		{20BF55B7-9D16-43B7-A542-646B4C4785D7}.Release|x64.ActiveCfg = Release|Any CPU
		{20BF55B7-9D16-43B7-A542-646B4C4785D7}.Release|x64.Build.0 = Release|Any CPU
		{20BF55B7-9D16-43B7-A542-646B4C4785D7}.Release|x86.ActiveCfg = Release|Any CPU
		{20BF55B7-9D16-43B7-A542-646B4C4785D7}.Release|x86.Build.0 = Release|Any CPU
		{F6916CFB-1899-45BF-8657-869FB94705C3}.Debug|Any CPU.ActiveCfg = Debug|Any CPU
		{F6916CFB-1899-45BF-8657-869FB94705C3}.Debug|Any CPU.Build.0 = Debug|Any CPU
		{F6916CFB-1899-45BF-8657-869FB94705C3}.Debug|x64.ActiveCfg = Debug|Any CPU
		{F6916CFB-1899-45BF-8657-869FB94705C3}.Debug|x64.Build.0 = Debug|Any CPU
		{F6916CFB-1899-45BF-8657-869FB94705C3}.Debug|x86.ActiveCfg = Debug|Any CPU
		{F6916CFB-1899-45BF-8657-869FB94705C3}.Debug|x86.Build.0 = Debug|Any CPU
		{F6916CFB-1899-45BF-8657-869FB94705C3}.Release|Any CPU.ActiveCfg = Release|Any CPU
		{F6916CFB-1899-45BF-8657-869FB94705C3}.Release|Any CPU.Build.0 = Release|Any CPU
		{F6916CFB-1899-45BF-8657-869FB94705C3}.Release|x64.ActiveCfg = Release|Any CPU
		{F6916CFB-1899-45BF-8657-869FB94705C3}.Release|x64.Build.0 = Release|Any CPU
		{F6916CFB-1899-45BF-8657-869FB94705C3}.Release|x86.ActiveCfg = Release|Any CPU
		{F6916CFB-1899-45BF-8657-869FB94705C3}.Release|x86.Build.0 = Release|Any CPU
		{F1C518ED-4F71-4C70-A6F5-EDBC9D71FA19}.Debug|Any CPU.ActiveCfg = Debug|Any CPU
		{F1C518ED-4F71-4C70-A6F5-EDBC9D71FA19}.Debug|Any CPU.Build.0 = Debug|Any CPU
		{F1C518ED-4F71-4C70-A6F5-EDBC9D71FA19}.Debug|x64.ActiveCfg = Debug|Any CPU
		{F1C518ED-4F71-4C70-A6F5-EDBC9D71FA19}.Debug|x64.Build.0 = Debug|Any CPU
		{F1C518ED-4F71-4C70-A6F5-EDBC9D71FA19}.Debug|x86.ActiveCfg = Debug|Any CPU
		{F1C518ED-4F71-4C70-A6F5-EDBC9D71FA19}.Debug|x86.Build.0 = Debug|Any CPU
		{F1C518ED-4F71-4C70-A6F5-EDBC9D71FA19}.Release|Any CPU.ActiveCfg = Release|Any CPU
		{F1C518ED-4F71-4C70-A6F5-EDBC9D71FA19}.Release|Any CPU.Build.0 = Release|Any CPU
		{F1C518ED-4F71-4C70-A6F5-EDBC9D71FA19}.Release|x64.ActiveCfg = Release|Any CPU
		{F1C518ED-4F71-4C70-A6F5-EDBC9D71FA19}.Release|x64.Build.0 = Release|Any CPU
		{F1C518ED-4F71-4C70-A6F5-EDBC9D71FA19}.Release|x86.ActiveCfg = Release|Any CPU
		{F1C518ED-4F71-4C70-A6F5-EDBC9D71FA19}.Release|x86.Build.0 = Release|Any CPU
		{A6EB8CF6-68BE-4524-A488-9939E805EAFB}.Debug|Any CPU.ActiveCfg = Debug|Any CPU
		{A6EB8CF6-68BE-4524-A488-9939E805EAFB}.Debug|Any CPU.Build.0 = Debug|Any CPU
		{A6EB8CF6-68BE-4524-A488-9939E805EAFB}.Debug|x64.ActiveCfg = Debug|Any CPU
		{A6EB8CF6-68BE-4524-A488-9939E805EAFB}.Debug|x64.Build.0 = Debug|Any CPU
		{A6EB8CF6-68BE-4524-A488-9939E805EAFB}.Debug|x86.ActiveCfg = Debug|Any CPU
		{A6EB8CF6-68BE-4524-A488-9939E805EAFB}.Debug|x86.Build.0 = Debug|Any CPU
		{A6EB8CF6-68BE-4524-A488-9939E805EAFB}.Release|Any CPU.ActiveCfg = Release|Any CPU
		{A6EB8CF6-68BE-4524-A488-9939E805EAFB}.Release|Any CPU.Build.0 = Release|Any CPU
		{A6EB8CF6-68BE-4524-A488-9939E805EAFB}.Release|x64.ActiveCfg = Release|Any CPU
		{A6EB8CF6-68BE-4524-A488-9939E805EAFB}.Release|x64.Build.0 = Release|Any CPU
		{A6EB8CF6-68BE-4524-A488-9939E805EAFB}.Release|x86.ActiveCfg = Release|Any CPU
		{A6EB8CF6-68BE-4524-A488-9939E805EAFB}.Release|x86.Build.0 = Release|Any CPU
		{D8D7228B-0AB2-48A4-B222-84D721C27C08}.Debug|Any CPU.ActiveCfg = Debug|Any CPU
		{D8D7228B-0AB2-48A4-B222-84D721C27C08}.Debug|Any CPU.Build.0 = Debug|Any CPU
		{D8D7228B-0AB2-48A4-B222-84D721C27C08}.Debug|x64.ActiveCfg = Debug|Any CPU
		{D8D7228B-0AB2-48A4-B222-84D721C27C08}.Debug|x64.Build.0 = Debug|Any CPU
		{D8D7228B-0AB2-48A4-B222-84D721C27C08}.Debug|x86.ActiveCfg = Debug|Any CPU
		{D8D7228B-0AB2-48A4-B222-84D721C27C08}.Debug|x86.Build.0 = Debug|Any CPU
		{D8D7228B-0AB2-48A4-B222-84D721C27C08}.Release|Any CPU.ActiveCfg = Release|Any CPU
		{D8D7228B-0AB2-48A4-B222-84D721C27C08}.Release|Any CPU.Build.0 = Release|Any CPU
		{D8D7228B-0AB2-48A4-B222-84D721C27C08}.Release|x64.ActiveCfg = Release|Any CPU
		{D8D7228B-0AB2-48A4-B222-84D721C27C08}.Release|x64.Build.0 = Release|Any CPU
		{D8D7228B-0AB2-48A4-B222-84D721C27C08}.Release|x86.ActiveCfg = Release|Any CPU
		{D8D7228B-0AB2-48A4-B222-84D721C27C08}.Release|x86.Build.0 = Release|Any CPU
		{A07B80C8-A80C-432C-8ADE-F6C95929F4B0}.Debug|Any CPU.ActiveCfg = Debug|Any CPU
		{A07B80C8-A80C-432C-8ADE-F6C95929F4B0}.Debug|Any CPU.Build.0 = Debug|Any CPU
		{A07B80C8-A80C-432C-8ADE-F6C95929F4B0}.Debug|x64.ActiveCfg = Debug|Any CPU
		{A07B80C8-A80C-432C-8ADE-F6C95929F4B0}.Debug|x64.Build.0 = Debug|Any CPU
		{A07B80C8-A80C-432C-8ADE-F6C95929F4B0}.Debug|x86.ActiveCfg = Debug|Any CPU
		{A07B80C8-A80C-432C-8ADE-F6C95929F4B0}.Debug|x86.Build.0 = Debug|Any CPU
		{A07B80C8-A80C-432C-8ADE-F6C95929F4B0}.Release|Any CPU.ActiveCfg = Release|Any CPU
		{A07B80C8-A80C-432C-8ADE-F6C95929F4B0}.Release|Any CPU.Build.0 = Release|Any CPU
		{A07B80C8-A80C-432C-8ADE-F6C95929F4B0}.Release|x64.ActiveCfg = Release|Any CPU
		{A07B80C8-A80C-432C-8ADE-F6C95929F4B0}.Release|x64.Build.0 = Release|Any CPU
		{A07B80C8-A80C-432C-8ADE-F6C95929F4B0}.Release|x86.ActiveCfg = Release|Any CPU
		{A07B80C8-A80C-432C-8ADE-F6C95929F4B0}.Release|x86.Build.0 = Release|Any CPU
		{43B5D39C-17E5-4E5C-BBE8-0F4D6B4EEBA0}.Debug|Any CPU.ActiveCfg = Debug|Any CPU
		{43B5D39C-17E5-4E5C-BBE8-0F4D6B4EEBA0}.Debug|Any CPU.Build.0 = Debug|Any CPU
		{43B5D39C-17E5-4E5C-BBE8-0F4D6B4EEBA0}.Debug|x64.ActiveCfg = Debug|Any CPU
		{43B5D39C-17E5-4E5C-BBE8-0F4D6B4EEBA0}.Debug|x64.Build.0 = Debug|Any CPU
		{43B5D39C-17E5-4E5C-BBE8-0F4D6B4EEBA0}.Debug|x86.ActiveCfg = Debug|Any CPU
		{43B5D39C-17E5-4E5C-BBE8-0F4D6B4EEBA0}.Debug|x86.Build.0 = Debug|Any CPU
		{43B5D39C-17E5-4E5C-BBE8-0F4D6B4EEBA0}.Release|Any CPU.ActiveCfg = Release|Any CPU
		{43B5D39C-17E5-4E5C-BBE8-0F4D6B4EEBA0}.Release|Any CPU.Build.0 = Release|Any CPU
		{43B5D39C-17E5-4E5C-BBE8-0F4D6B4EEBA0}.Release|x64.ActiveCfg = Release|Any CPU
		{43B5D39C-17E5-4E5C-BBE8-0F4D6B4EEBA0}.Release|x64.Build.0 = Release|Any CPU
		{43B5D39C-17E5-4E5C-BBE8-0F4D6B4EEBA0}.Release|x86.ActiveCfg = Release|Any CPU
		{43B5D39C-17E5-4E5C-BBE8-0F4D6B4EEBA0}.Release|x86.Build.0 = Release|Any CPU
		{52FAD84A-467D-447A-BB29-05E37D3552DD}.Debug|Any CPU.ActiveCfg = Debug|Any CPU
		{52FAD84A-467D-447A-BB29-05E37D3552DD}.Debug|Any CPU.Build.0 = Debug|Any CPU
		{52FAD84A-467D-447A-BB29-05E37D3552DD}.Debug|x64.ActiveCfg = Debug|Any CPU
		{52FAD84A-467D-447A-BB29-05E37D3552DD}.Debug|x64.Build.0 = Debug|Any CPU
		{52FAD84A-467D-447A-BB29-05E37D3552DD}.Debug|x86.ActiveCfg = Debug|Any CPU
		{52FAD84A-467D-447A-BB29-05E37D3552DD}.Debug|x86.Build.0 = Debug|Any CPU
		{52FAD84A-467D-447A-BB29-05E37D3552DD}.Release|Any CPU.ActiveCfg = Release|Any CPU
		{52FAD84A-467D-447A-BB29-05E37D3552DD}.Release|Any CPU.Build.0 = Release|Any CPU
		{52FAD84A-467D-447A-BB29-05E37D3552DD}.Release|x64.ActiveCfg = Release|Any CPU
		{52FAD84A-467D-447A-BB29-05E37D3552DD}.Release|x64.Build.0 = Release|Any CPU
		{52FAD84A-467D-447A-BB29-05E37D3552DD}.Release|x86.ActiveCfg = Release|Any CPU
		{52FAD84A-467D-447A-BB29-05E37D3552DD}.Release|x86.Build.0 = Release|Any CPU
		{DFA698C1-43A6-40CB-82E0-CCFCD44572DC}.Debug|Any CPU.ActiveCfg = Debug|Any CPU
		{DFA698C1-43A6-40CB-82E0-CCFCD44572DC}.Debug|Any CPU.Build.0 = Debug|Any CPU
		{DFA698C1-43A6-40CB-82E0-CCFCD44572DC}.Debug|x64.ActiveCfg = Debug|Any CPU
		{DFA698C1-43A6-40CB-82E0-CCFCD44572DC}.Debug|x64.Build.0 = Debug|Any CPU
		{DFA698C1-43A6-40CB-82E0-CCFCD44572DC}.Debug|x86.ActiveCfg = Debug|Any CPU
		{DFA698C1-43A6-40CB-82E0-CCFCD44572DC}.Debug|x86.Build.0 = Debug|Any CPU
		{DFA698C1-43A6-40CB-82E0-CCFCD44572DC}.Release|Any CPU.ActiveCfg = Release|Any CPU
		{DFA698C1-43A6-40CB-82E0-CCFCD44572DC}.Release|Any CPU.Build.0 = Release|Any CPU
		{DFA698C1-43A6-40CB-82E0-CCFCD44572DC}.Release|x64.ActiveCfg = Release|Any CPU
		{DFA698C1-43A6-40CB-82E0-CCFCD44572DC}.Release|x64.Build.0 = Release|Any CPU
		{DFA698C1-43A6-40CB-82E0-CCFCD44572DC}.Release|x86.ActiveCfg = Release|Any CPU
		{DFA698C1-43A6-40CB-82E0-CCFCD44572DC}.Release|x86.Build.0 = Release|Any CPU
		{7C4D35B0-A2DD-44A8-A4AC-8F1F0A898CE7}.Debug|Any CPU.ActiveCfg = Debug|Any CPU
		{7C4D35B0-A2DD-44A8-A4AC-8F1F0A898CE7}.Debug|Any CPU.Build.0 = Debug|Any CPU
		{7C4D35B0-A2DD-44A8-A4AC-8F1F0A898CE7}.Debug|x64.ActiveCfg = Debug|Any CPU
		{7C4D35B0-A2DD-44A8-A4AC-8F1F0A898CE7}.Debug|x64.Build.0 = Debug|Any CPU
		{7C4D35B0-A2DD-44A8-A4AC-8F1F0A898CE7}.Debug|x86.ActiveCfg = Debug|Any CPU
		{7C4D35B0-A2DD-44A8-A4AC-8F1F0A898CE7}.Debug|x86.Build.0 = Debug|Any CPU
		{7C4D35B0-A2DD-44A8-A4AC-8F1F0A898CE7}.Release|Any CPU.ActiveCfg = Release|Any CPU
		{7C4D35B0-A2DD-44A8-A4AC-8F1F0A898CE7}.Release|Any CPU.Build.0 = Release|Any CPU
		{7C4D35B0-A2DD-44A8-A4AC-8F1F0A898CE7}.Release|x64.ActiveCfg = Release|Any CPU
		{7C4D35B0-A2DD-44A8-A4AC-8F1F0A898CE7}.Release|x64.Build.0 = Release|Any CPU
		{7C4D35B0-A2DD-44A8-A4AC-8F1F0A898CE7}.Release|x86.ActiveCfg = Release|Any CPU
		{7C4D35B0-A2DD-44A8-A4AC-8F1F0A898CE7}.Release|x86.Build.0 = Release|Any CPU
		{DB351CE9-35F5-4290-AD7F-58A576C1DC3C}.Debug|Any CPU.ActiveCfg = Debug|Any CPU
		{DB351CE9-35F5-4290-AD7F-58A576C1DC3C}.Debug|Any CPU.Build.0 = Debug|Any CPU
		{DB351CE9-35F5-4290-AD7F-58A576C1DC3C}.Debug|x64.ActiveCfg = Debug|Any CPU
		{DB351CE9-35F5-4290-AD7F-58A576C1DC3C}.Debug|x64.Build.0 = Debug|Any CPU
		{DB351CE9-35F5-4290-AD7F-58A576C1DC3C}.Debug|x86.ActiveCfg = Debug|Any CPU
		{DB351CE9-35F5-4290-AD7F-58A576C1DC3C}.Debug|x86.Build.0 = Debug|Any CPU
		{DB351CE9-35F5-4290-AD7F-58A576C1DC3C}.Release|Any CPU.ActiveCfg = Release|Any CPU
		{DB351CE9-35F5-4290-AD7F-58A576C1DC3C}.Release|Any CPU.Build.0 = Release|Any CPU
		{DB351CE9-35F5-4290-AD7F-58A576C1DC3C}.Release|x64.ActiveCfg = Release|Any CPU
		{DB351CE9-35F5-4290-AD7F-58A576C1DC3C}.Release|x64.Build.0 = Release|Any CPU
		{DB351CE9-35F5-4290-AD7F-58A576C1DC3C}.Release|x86.ActiveCfg = Release|Any CPU
		{DB351CE9-35F5-4290-AD7F-58A576C1DC3C}.Release|x86.Build.0 = Release|Any CPU
		{6D92B0E2-2D0E-42F3-B135-FF64F499347E}.Debug|Any CPU.ActiveCfg = Debug|Any CPU
		{6D92B0E2-2D0E-42F3-B135-FF64F499347E}.Debug|Any CPU.Build.0 = Debug|Any CPU
		{6D92B0E2-2D0E-42F3-B135-FF64F499347E}.Debug|x64.ActiveCfg = Debug|Any CPU
		{6D92B0E2-2D0E-42F3-B135-FF64F499347E}.Debug|x64.Build.0 = Debug|Any CPU
		{6D92B0E2-2D0E-42F3-B135-FF64F499347E}.Debug|x86.ActiveCfg = Debug|Any CPU
		{6D92B0E2-2D0E-42F3-B135-FF64F499347E}.Debug|x86.Build.0 = Debug|Any CPU
		{6D92B0E2-2D0E-42F3-B135-FF64F499347E}.Release|Any CPU.ActiveCfg = Release|Any CPU
		{6D92B0E2-2D0E-42F3-B135-FF64F499347E}.Release|Any CPU.Build.0 = Release|Any CPU
		{6D92B0E2-2D0E-42F3-B135-FF64F499347E}.Release|x64.ActiveCfg = Release|Any CPU
		{6D92B0E2-2D0E-42F3-B135-FF64F499347E}.Release|x64.Build.0 = Release|Any CPU
		{6D92B0E2-2D0E-42F3-B135-FF64F499347E}.Release|x86.ActiveCfg = Release|Any CPU
		{6D92B0E2-2D0E-42F3-B135-FF64F499347E}.Release|x86.Build.0 = Release|Any CPU
	EndGlobalSection
	GlobalSection(SolutionProperties) = preSolution
		HideSolutionNode = FALSE
	EndGlobalSection
	GlobalSection(NestedProjects) = preSolution
		{71E28BE2-0E39-40C4-B936-EBB223555CB6} = {827E0CD3-B72D-47B6-A68D-7590B98EB39B}
		{CF0C61C7-075B-4B48-9A27-3CE0335996DD} = {827E0CD3-B72D-47B6-A68D-7590B98EB39B}
		{D1845F23-3240-4606-A24D-BF2142A92988} = {827E0CD3-B72D-47B6-A68D-7590B98EB39B}
		{5104CEE6-5FE4-45D6-BC26-C302CA140B37} = {827E0CD3-B72D-47B6-A68D-7590B98EB39B}
		{20BF55B7-9D16-43B7-A542-646B4C4785D7} = {827E0CD3-B72D-47B6-A68D-7590B98EB39B}
		{F6916CFB-1899-45BF-8657-869FB94705C3} = {827E0CD3-B72D-47B6-A68D-7590B98EB39B}
		{F1C518ED-4F71-4C70-A6F5-EDBC9D71FA19} = {827E0CD3-B72D-47B6-A68D-7590B98EB39B}
		{A6EB8CF6-68BE-4524-A488-9939E805EAFB} = {827E0CD3-B72D-47B6-A68D-7590B98EB39B}
		{D8D7228B-0AB2-48A4-B222-84D721C27C08} = {827E0CD3-B72D-47B6-A68D-7590B98EB39B}
		{A07B80C8-A80C-432C-8ADE-F6C95929F4B0} = {827E0CD3-B72D-47B6-A68D-7590B98EB39B}
		{43B5D39C-17E5-4E5C-BBE8-0F4D6B4EEBA0} = {827E0CD3-B72D-47B6-A68D-7590B98EB39B}
		{52FAD84A-467D-447A-BB29-05E37D3552DD} = {827E0CD3-B72D-47B6-A68D-7590B98EB39B}
		{DFA698C1-43A6-40CB-82E0-CCFCD44572DC} = {827E0CD3-B72D-47B6-A68D-7590B98EB39B}
		{7C4D35B0-A2DD-44A8-A4AC-8F1F0A898CE7} = {827E0CD3-B72D-47B6-A68D-7590B98EB39B}
		{DB351CE9-35F5-4290-AD7F-58A576C1DC3C} = {0AB3BF05-4346-4AA6-1389-037BE0695223}
		{6D92B0E2-2D0E-42F3-B135-FF64F499347E} = {5D20AA90-6969-D8BD-9DCD-8634F4692FDA}
	EndGlobalSection
EndGlobal
